{
    "name": "libparsec_bindings_web",
    "version": "3.7.2-a.0.dev.20656+598ee66",
    "lockfileVersion": 3,
    "requires": true,
    "packages": {
        "": {
            "name": "libparsec_bindings_web",
            "version": "3.7.2-a.0.dev.20656+598ee66",
            "license": "BUSL-1.1"
        }
    }
}
